// !$*UTF8*$!
{
	archiveVersion = 1;
	classes = {
	};
	objectVersion = 50;
	objects = {

/* Begin PBXBuildFile section */
		2737C65D236DD9E600AFE8FA /* AppDelegate.swift in Sources */ = {isa = PBXBuildFile; fileRef = 2737C65C236DD9E600AFE8FA /* AppDelegate.swift */; };
		2737C65F236DD9E600AFE8FA /* SceneDelegate.swift in Sources */ = {isa = PBXBuildFile; fileRef = 2737C65E236DD9E600AFE8FA /* SceneDelegate.swift */; };
		2737C666236DD9E600AFE8FA /* Main.storyboard in Resources */ = {isa = PBXBuildFile; fileRef = 2737C664236DD9E600AFE8FA /* Main.storyboard */; };
		2737C668236DD9E900AFE8FA /* Assets.xcassets in Resources */ = {isa = PBXBuildFile; fileRef = 2737C667236DD9E900AFE8FA /* Assets.xcassets */; };
		2737C66B236DD9E900AFE8FA /* LaunchScreen.storyboard in Resources */ = {isa = PBXBuildFile; fileRef = 2737C669236DD9E900AFE8FA /* LaunchScreen.storyboard */; };
		F4F01EE92370655F005305EA /* RoulettenViewController.swift in Sources */ = {isa = PBXBuildFile; fileRef = F4F01EE82370655F005305EA /* RoulettenViewController.swift */; };
		F4F01EED237065DE005305EA /* KogebogenViewController.swift in Sources */ = {isa = PBXBuildFile; fileRef = F4F01EEC237065DE005305EA /* KogebogenViewController.swift */; };
/* End PBXBuildFile section */

/* Begin PBXFileReference section */
		2737C659236DD9E600AFE8FA /* Madroulette.app */ = {isa = PBXFileReference; explicitFileType = wrapper.application; includeInIndex = 0; path = Madroulette.app; sourceTree = BUILT_PRODUCTS_DIR; };
		2737C65C236DD9E600AFE8FA /* AppDelegate.swift */ = {isa = PBXFileReference; lastKnownFileType = sourcecode.swift; path = AppDelegate.swift; sourceTree = "<group>"; };
		2737C65E236DD9E600AFE8FA /* SceneDelegate.swift */ = {isa = PBXFileReference; lastKnownFileType = sourcecode.swift; path = SceneDelegate.swift; sourceTree = "<group>"; };
		2737C665236DD9E600AFE8FA /* Base */ = {isa = PBXFileReference; lastKnownFileType = file.storyboard; name = Base; path = Base.lproj/Main.storyboard; sourceTree = "<group>"; };
		2737C667236DD9E900AFE8FA /* Assets.xcassets */ = {isa = PBXFileReference; lastKnownFileType = folder.assetcatalog; path = Assets.xcassets; sourceTree = "<group>"; };
		2737C66A236DD9E900AFE8FA /* Base */ = {isa = PBXFileReference; lastKnownFileType = file.storyboard; name = Base; path = Base.lproj/LaunchScreen.storyboard; sourceTree = "<group>"; };
		2737C66C236DD9E900AFE8FA /* Info.plist */ = {isa = PBXFileReference; lastKnownFileType = text.plist.xml; path = Info.plist; sourceTree = "<group>"; };
		F4F01EE82370655F005305EA /* RoulettenViewController.swift */ = {isa = PBXFileReference; lastKnownFileType = sourcecode.swift; path = RoulettenViewController.swift; sourceTree = "<group>"; };
		F4F01EEC237065DE005305EA /* KogebogenViewController.swift */ = {isa = PBXFileReference; lastKnownFileType = sourcecode.swift; path = KogebogenViewController.swift; sourceTree = "<group>"; };
/* End PBXFileReference section */

/* Begin PBXFrameworksBuildPhase section */
		2737C656236DD9E600AFE8FA /* Frameworks */ = {
			isa = PBXFrameworksBuildPhase;
			buildActionMask = 2147483647;
			files = (
			);
			runOnlyForDeploymentPostprocessing = 0;
		};
/* End PBXFrameworksBuildPhase section */

/* Begin PBXGroup section */
		2737C650236DD9E600AFE8FA = {
			isa = PBXGroup;
			children = (
				2737C65B236DD9E600AFE8FA /* Madroulette */,
				2737C65A236DD9E600AFE8FA /* Products */,
			);
			sourceTree = "<group>";
		};
		2737C65A236DD9E600AFE8FA /* Products */ = {
			isa = PBXGroup;
			children = (
				2737C659236DD9E600AFE8FA /* Madroulette.app */,
			);
			name = Products;
			sourceTree = "<group>";
		};
		2737C65B236DD9E600AFE8FA /* Madroulette */ = {
			isa = PBXGroup;
			children = (
				2737C65C236DD9E600AFE8FA /* AppDelegate.swift */,
				2737C65E236DD9E600AFE8FA /* SceneDelegate.swift */,
				2737C664236DD9E600AFE8FA /* Main.storyboard */,
				2737C667236DD9E900AFE8FA /* Assets.xcassets */,
				2737C669236DD9E900AFE8FA /* LaunchScreen.storyboard */,
				2737C66C236DD9E900AFE8FA /* Info.plist */,
				F4F01EE82370655F005305EA /* RoulettenViewController.swift */,
				F4F01EEC237065DE005305EA /* KogebogenViewController.swift */,
			);
			path = Madroulette;
			sourceTree = "<group>";
		};
/* End PBXGroup section */

/* Begin PBXNativeTarget section */
		2737C658236DD9E600AFE8FA /* Madroulette */ = {
			isa = PBXNativeTarget;
			buildConfigurationList = 2737C66F236DD9E900AFE8FA /* Build configuration list for PBXNativeTarget "Madroulette" */;
			buildPhases = (
				2737C655236DD9E600AFE8FA /* Sources */,
				2737C656236DD9E600AFE8FA /* Frameworks */,
				2737C657236DD9E600AFE8FA /* Resources */,
			);
			buildRules = (
			);
			dependencies = (
			);
			name = Madroulette;
			productName = Madroulette;
			productReference = 2737C659236DD9E600AFE8FA /* Madroulette.app */;
			productType = "com.apple.product-type.application";
		};
/* End PBXNativeTarget section */

/* Begin PBXProject section */
		2737C651236DD9E600AFE8FA /* Project object */ = {
			isa = PBXProject;
			attributes = {
				LastSwiftUpdateCheck = 1110;
				LastUpgradeCheck = 1110;
				ORGANIZATIONNAME = MadneZ;
				TargetAttributes = {
					2737C658236DD9E600AFE8FA = {
						CreatedOnToolsVersion = 11.1;
					};
				};
			};
			buildConfigurationList = 2737C654236DD9E600AFE8FA /* Build configuration list for PBXProject "Madroulette" */;
			compatibilityVersion = "Xcode 9.3";
			developmentRegion = en;
			hasScannedForEncodings = 0;
			knownRegions = (
				en,
				Base,
			);
			mainGroup = 2737C650236DD9E600AFE8FA;
			productRefGroup = 2737C65A236DD9E600AFE8FA /* Products */;
			projectDirPath = "";
			projectRoot = "";
			targets = (
				2737C658236DD9E600AFE8FA /* Madroulette */,
			);
		};
/* End PBXProject section */

/* Begin PBXResourcesBuildPhase section */
		2737C657236DD9E600AFE8FA /* Resources */ = {
			isa = PBXResourcesBuildPhase;
			buildActionMask = 2147483647;
			files = (
				2737C66B236DD9E900AFE8FA /* LaunchScreen.storyboard in Resources */,
				2737C668236DD9E900AFE8FA /* Assets.xcassets in Resources */,
				2737C666236DD9E600AFE8FA /* Main.storyboard in Resources */,
			);
			runOnlyForDeploymentPostprocessing = 0;
		};
/* End PBXResourcesBuildPhase section */

/* Begin PBXSourcesBuildPhase section */
		2737C655236DD9E600AFE8FA /* Sources */ = {
			isa = PBXSourcesBuildPhase;
			buildActionMask = 2147483647;
			files = (
				F4F01EED237065DE005305EA /* KogebogenViewController.swift in Sources */,
				2737C65D236DD9E600AFE8FA /* AppDelegate.swift in Sources */,
				F4F01EE92370655F005305EA /* RoulettenViewController.swift in Sources */,
				2737C65F236DD9E600AFE8FA /* SceneDelegate.swift in Sources */,
			);
			runOnlyForDeploymentPostprocessing = 0;
		};
/* End PBXSourcesBuildPhase section */

/* Begin PBXVariantGroup section */
		2737C664236DD9E600AFE8FA /* Main.storyboard */ = {
			isa = PBXVariantGroup;
			children = (
				2737C665236DD9E600AFE8FA /* Base */,
			);
			name = Main.storyboard;
			sourceTree = "<group>";
		};
		2737C669236DD9E900AFE8FA /* LaunchScreen.storyboard */ = {
			isa = PBXVariantGroup;
			children = (
				2737C66A236DD9E900AFE8FA /* Base */,
			);
			name = LaunchScreen.storyboard;
			sourceTree = "<group>";
		};
/* End PBXVariantGroup section */

/* Begin XCBuildConfiguration section */
		2737C66D236DD9E900AFE8FA /* Debug */ = {
			isa = XCBuildConfiguration;
			buildSettings = {
				ALWAYS_SEARCH_USER_PATHS = NO;
				CLANG_ANALYZER_NONNULL = YES;
				CLANG_ANALYZER_NUMBER_OBJECT_CONVERSION = YES_AGGRESSIVE;
				CLANG_CXX_LANGUAGE_STANDARD = "gnu++14";
				CLANG_CXX_LIBRARY = "libc++";
				CLANG_ENABLE_MODULES = YES;
				CLANG_ENABLE_OBJC_ARC = YES;
				CLANG_ENABLE_OBJC_WEAK = YES;
				CLANG_WARN_BLOCK_CAPTURE_AUTORELEASING = YES;
				CLANG_WARN_BOOL_CONVERSION = YES;
				CLANG_WARN_COMMA = YES;
				CLANG_WARN_CONSTANT_CONVERSION = YES;
				CLANG_WARN_DEPRECATED_OBJC_IMPLEMENTATIONS = YES;
				CLANG_WARN_DIRECT_OBJC_ISA_USAGE = YES_ERROR;
				CLANG_WARN_DOCUMENTATION_COMMENTS = YES;
				CLANG_WARN_EMPTY_BODY = YES;
				CLANG_WARN_ENUM_CONVERSION = YES;
				CLANG_WARN_INFINITE_RECURSION = YES;
				CLANG_WARN_INT_CONVERSION = YES;
				CLANG_WARN_NON_LITERAL_NULL_CONVERSION = YES;
				CLANG_WARN_OBJC_IMPLICIT_RETAIN_SELF = YES;
				CLANG_WARN_OBJC_LITERAL_CONVERSION = YES;
				CLANG_WARN_OBJC_ROOT_CLASS = YES_ERROR;
				CLANG_WARN_RANGE_LOOP_ANALYSIS = YES;
				CLANG_WARN_STRICT_PROTOTYPES = YES;
				CLANG_WARN_SUSPICIOUS_MOVE = YES;
				CLANG_WARN_UNGUARDED_AVAILABILITY = YES_AGGRESSIVE;
				CLANG_WARN_UNREACHABLE_CODE = YES;
				CLANG_WARN__DUPLICATE_METHOD_MATCH = YES;
				COPY_PHASE_STRIP = NO;
				DEBUG_INFORMATION_FORMAT = dwarf;
				ENABLE_STRICT_OBJC_MSGSEND = YES;
				ENABLE_TESTABILITY = YES;
				GCC_C_LANGUAGE_STANDARD = gnu11;
				GCC_DYNAMIC_NO_PIC = NO;
				GCC_NO_COMMON_BLOCKS = YES;
				GCC_OPTIMIZATION_LEVEL = 0;
				GCC_PREPROCESSOR_DEFINITIONS = (
					"DEBUG=1",
					"$(inherited)",
				);
				GCC_WARN_64_TO_32_BIT_CONVERSION = YES;
				GCC_WARN_ABOUT_RETURN_TYPE = YES_ERROR;
				GCC_WARN_UNDECLARED_SELECTOR = YES;
				GCC_WARN_UNINITIALIZED_AUTOS = YES_AGGRESSIVE;
				GCC_WARN_UNUSED_FUNCTION = YES;
				GCC_WARN_UNUSED_VARIABLE = YES;
				IPHONEOS_DEPLOYMENT_TARGET = 13.1;
				MTL_ENABLE_DEBUG_INFO = INCLUDE_SOURCE;
				MTL_FAST_MATH = YES;
				ONLY_ACTIVE_ARCH = YES;
				SDKROOT = iphoneos;
				SWIFT_ACTIVE_COMPILATION_CONDITIONS = DEBUG;
				SWIFT_OPTIMIZATION_LEVEL = "-Onone";
			};
			name = Debug;
		};
		2737C66E236DD9E900AFE8FA /* Release */ = {
			isa = XCBuildConfiguration;
			buildSettings = {
				ALWAYS_SEARCH_USER_PATHS = NO;
				CLANG_ANALYZER_NONNULL = YES;
				CLANG_ANALYZER_NUMBER_OBJECT_CONVERSION = YES_AGGRESSIVE;
				CLANG_CXX_LANGUAGE_STANDARD = "gnu++14";
				CLANG_CXX_LIBRARY = "libc++";
				CLANG_ENABLE_MODULES = YES;
				CLANG_ENABLE_OBJC_ARC = YES;
				CLANG_ENABLE_OBJC_WEAK = YES;
				CLANG_WARN_BLOCK_CAPTURE_AUTORELEASING = YES;
				CLANG_WARN_BOOL_CONVERSION = YES;
				CLANG_WARN_COMMA = YES;
				CLANG_WARN_CONSTANT_CONVERSION = YES;
				CLANG_WARN_DEPRECATED_OBJC_IMPLEMENTATIONS = YES;
				CLANG_WARN_DIRECT_OBJC_ISA_USAGE = YES_ERROR;
				CLANG_WARN_DOCUMENTATION_COMMENTS = YES;
				CLANG_WARN_EMPTY_BODY = YES;
				CLANG_WARN_ENUM_CONVERSION = YES;
				CLANG_WARN_INFINITE_RECURSION = YES;
				CLANG_WARN_INT_CONVERSION = YES;
				CLANG_WARN_NON_LITERAL_NULL_CONVERSION = YES;
				CLANG_WARN_OBJC_IMPLICIT_RETAIN_SELF = YES;
				CLANG_WARN_OBJC_LITERAL_CONVERSION = YES;
				CLANG_WARN_OBJC_ROOT_CLASS = YES_ERROR;
				CLANG_WARN_RANGE_LOOP_ANALYSIS = YES;
				CLANG_WARN_STRICT_PROTOTYPES = YES;
				CLANG_WARN_SUSPICIOUS_MOVE = YES;
				CLANG_WARN_UNGUARDED_AVAILABILITY = YES_AGGRESSIVE;
				CLANG_WARN_UNREACHABLE_CODE = YES;
				CLANG_WARN__DUPLICATE_METHOD_MATCH = YES;
				COPY_PHASE_STRIP = NO;
				DEBUG_INFORMATION_FORMAT = "dwarf-with-dsym";
				ENABLE_NS_ASSERTIONS = NO;
				ENABLE_STRICT_OBJC_MSGSEND = YES;
				GCC_C_LANGUAGE_STANDARD = gnu11;
				GCC_NO_COMMON_BLOCKS = YES;
				GCC_WARN_64_TO_32_BIT_CONVERSION = YES;
				GCC_WARN_ABOUT_RETURN_TYPE = YES_ERROR;
				GCC_WARN_UNDECLARED_SELECTOR = YES;
				GCC_WARN_UNINITIALIZED_AUTOS = YES_AGGRESSIVE;
				GCC_WARN_UNUSED_FUNCTION = YES;
				GCC_WARN_UNUSED_VARIABLE = YES;
				IPHONEOS_DEPLOYMENT_TARGET = 13.1;
				MTL_ENABLE_DEBUG_INFO = NO;
				MTL_FAST_MATH = YES;
				SDKROOT = iphoneos;
				SWIFT_COMPILATION_MODE = wholemodule;
				SWIFT_OPTIMIZATION_LEVEL = "-O";
				VALIDATE_PRODUCT = YES;
			};
			name = Release;
		};
		2737C670236DD9E900AFE8FA /* Debug */ = {
			isa = XCBuildConfiguration;
			buildSettings = {
				ASSETCATALOG_COMPILER_APPICON_NAME = AppIcon;
				CODE_SIGN_STYLE = Automatic;
				DEVELOPMENT_TEAM = YBYNY687C9;
				INFOPLIST_FILE = Madroulette/Info.plist;
				LD_RUNPATH_SEARCH_PATHS = (
					"$(inherited)",
					"@executable_path/Frameworks",
				);
				PRODUCT_BUNDLE_IDENTIFIER = com.MadneZ.Madroulette;
				PRODUCT_NAME = "$(TARGET_NAME)";
				SWIFT_VERSION = 5.0;
				TARGETED_DEVICE_FAMILY = "1,2";
			};
			name = Debug;
		};
		2737C671236DD9E900AFE8FA /* Release */ = {
			isa = XCBuildConfiguration;
			buildSettings = {
				ASSETCATALOG_COMPILER_APPICON_NAME = AppIcon;
				CODE_SIGN_STYLE = Automatic;
				DEVELOPMENT_TEAM = YBYNY687C9;
				INFOPLIST_FILE = Madroulette/Info.plist;
				LD_RUNPATH_SEARCH_PATHS = (
					"$(inherited)",
					"@executable_path/Frameworks",
				);
				PRODUCT_BUNDLE_IDENTIFIER = com.MadneZ.Madroulette;
				PRODUCT_NAME = "$(TARGET_NAME)";
				SWIFT_VERSION = 5.0;
				TARGETED_DEVICE_FAMILY = "1,2";
			};
			name = Release;
		};
/* End XCBuildConfiguration section */

/* Begin XCConfigurationList section */
		2737C654236DD9E600AFE8FA /* Build configuration list for PBXProject "Madroulette" */ = {
			isa = XCConfigurationList;
			buildConfigurations = (
				2737C66D236DD9E900AFE8FA /* Debug */,
				2737C66E236DD9E900AFE8FA /* Release */,
			);
			defaultConfigurationIsVisible = 0;
			defaultConfigurationName = Release;
		};
		2737C66F236DD9E900AFE8FA /* Build configuration list for PBXNativeTarget "Madroulette" */ = {
			isa = XCConfigurationList;
			buildConfigurations = (
				2737C670236DD9E900AFE8FA /* Debug */,
				2737C671236DD9E900AFE8FA /* Release */,
			);
			defaultConfigurationIsVisible = 0;
			defaultConfigurationName = Release;
		};
/* End XCConfigurationList section */
	};
	rootObject = 2737C651236DD9E600AFE8FA /* Project object */;
}
